
Microsoft Visual Studio Solution File, Format Version 12.00
# Visual Studio Version 16
VisualStudioVersion = 16.0.30309.148
MinimumVisualStudioVersion = 15.0.26124.0
Project("{9A19103F-16F7-4668-BE54-9A1E7A4F7556}") = "Coinbase.Pro", "Coinbase.Pro\Coinbase.Pro.csproj", "{3A942D5B-4E76-4696-B228-4A42D524D6E1}"
EndProject
Project("{F2A71F9B-5D33-465A-A702-920D77279786}") = "Builder", "Builder\Builder.fsproj", "{2E878DDF-5585-48F2-85E0-748579278C9A}"
EndProject
Project("{2150E333-8FDC-42A3-9474-1A3956D46DE8}") = "Solution Items", "Solution Items", "{936190A7-88C7-40C6-BDA7-8E0580C32B01}"
	ProjectSection(SolutionItems) = preProject
		..\appveyor.yml = ..\appveyor.yml
		..\build.cmd = ..\build.cmd
		Directory.Build.props = Directory.Build.props
		..\HISTORY.md = ..\HISTORY.md
		..\LICENSE = ..\LICENSE
		..\README.md = ..\README.md
	EndProjectSection
EndProject
Project("{9A19103F-16F7-4668-BE54-9A1E7A4F7556}") = "Coinbase.Tests", "Coinbase.Tests\Coinbase.Tests.csproj", "{10207EAE-0216-4011-8C4B-2F911468B378}"
EndProject
Project("{9A19103F-16F7-4668-BE54-9A1E7A4F7556}") = "Examples", "Examples\Examples.csproj", "{2C7C536A-1B56-483C-8879-2D551FF6A700}"
EndProject
Global
	GlobalSection(SolutionConfigurationPlatforms) = preSolution
		Debug|Any CPU = Debug|Any CPU
		Debug|x64 = Debug|x64
		Debug|x86 = Debug|x86
		Release|Any CPU = Release|Any CPU
		Release|x64 = Release|x64
		Release|x86 = Release|x86
	EndGlobalSection
	GlobalSection(ProjectConfigurationPlatforms) = postSolution
		{3A942D5B-4E76-4696-B228-4A42D524D6E1}.Debug|Any CPU.ActiveCfg = Debug|Any CPU
		{3A942D5B-4E76-4696-B228-4A42D524D6E1}.Debug|Any CPU.Build.0 = Debug|Any CPU
		{3A942D5B-4E76-4696-B228-4A42D524D6E1}.Debug|x64.ActiveCfg = Debug|Any CPU
		{3A942D5B-4E76-4696-B228-4A42D524D6E1}.Debug|x64.Build.0 = Debug|Any CPU
		{3A942D5B-4E76-4696-B228-4A42D524D6E1}.Debug|x86.ActiveCfg = Debug|Any CPU
		{3A942D5B-4E76-4696-B228-4A42D524D6E1}.Debug|x86.Build.0 = Debug|Any CPU
		{3A942D5B-4E76-4696-B228-4A42D524D6E1}.Release|Any CPU.ActiveCfg = Release|Any CPU
		{3A942D5B-4E76-4696-B228-4A42D524D6E1}.Release|Any CPU.Build.0 = Release|Any CPU
		{3A942D5B-4E76-4696-B228-4A42D524D6E1}.Release|x64.ActiveCfg = Release|Any CPU
		{3A942D5B-4E76-4696-B228-4A42D524D6E1}.Release|x64.Build.0 = Release|Any CPU
		{3A942D5B-4E76-4696-B228-4A42D524D6E1}.Release|x86.ActiveCfg = Release|Any CPU
		{3A942D5B-4E76-4696-B228-4A42D524D6E1}.Release|x86.Build.0 = Release|Any CPU
		{2E878DDF-5585-48F2-85E0-748579278C9A}.Debug|Any CPU.ActiveCfg = Debug|Any CPU
		{2E878DDF-5585-48F2-85E0-748579278C9A}.Debug|Any CPU.Build.0 = Debug|Any CPU
		{2E878DDF-5585-48F2-85E0-748579278C9A}.Debug|x64.ActiveCfg = Debug|Any CPU
		{2E878DDF-5585-48F2-85E0-748579278C9A}.Debug|x64.Build.0 = Debug|Any CPU
		{2E878DDF-5585-48F2-85E0-748579278C9A}.Debug|x86.ActiveCfg = Debug|Any CPU
		{2E878DDF-5585-48F2-85E0-748579278C9A}.Debug|x86.Build.0 = Debug|Any CPU
		{2E878DDF-5585-48F2-85E0-748579278C9A}.Release|Any CPU.ActiveCfg = Release|Any CPU
		{2E878DDF-5585-48F2-85E0-748579278C9A}.Release|Any CPU.Build.0 = Release|Any CPU
		{2E878DDF-5585-48F2-85E0-748579278C9A}.Release|x64.ActiveCfg = Release|Any CPU
		{2E878DDF-5585-48F2-85E0-748579278C9A}.Release|x64.Build.0 = Release|Any CPU
		{2E878DDF-5585-48F2-85E0-748579278C9A}.Release|x86.ActiveCfg = Release|Any CPU
		{2E878DDF-5585-48F2-85E0-748579278C9A}.Release|x86.Build.0 = Release|Any CPU
		{10207EAE-0216-4011-8C4B-2F911468B378}.Debug|Any CPU.ActiveCfg = Debug|Any CPU
		{10207EAE-0216-4011-8C4B-2F911468B378}.Debug|Any CPU.Build.0 = Debug|Any CPU
		{10207EAE-0216-4011-8C4B-2F911468B378}.Debug|x64.ActiveCfg = Debug|Any CPU
		{10207EAE-0216-4011-8C4B-2F911468B378}.Debug|x64.Build.0 = Debug|Any CPU
		{10207EAE-0216-4011-8C4B-2F911468B378}.Debug|x86.ActiveCfg = Debug|Any CPU
		{10207EAE-0216-4011-8C4B-2F911468B378}.Debug|x86.Build.0 = Debug|Any CPU
		{10207EAE-0216-4011-8C4B-2F911468B378}.Release|Any CPU.ActiveCfg = Release|Any CPU
		{10207EAE-0216-4011-8C4B-2F911468B378}.Release|Any CPU.Build.0 = Release|Any CPU
		{10207EAE-0216-4011-8C4B-2F911468B378}.Release|x64.ActiveCfg = Release|Any CPU
		{10207EAE-0216-4011-8C4B-2F911468B378}.Release|x64.Build.0 = Release|Any CPU
		{10207EAE-0216-4011-8C4B-2F911468B378}.Release|x86.ActiveCfg = Release|Any CPU
		{10207EAE-0216-4011-8C4B-2F911468B378}.Release|x86.Build.0 = Release|Any CPU
		{2C7C536A-1B56-483C-8879-2D551FF6A700}.Debug|Any CPU.ActiveCfg = Debug|Any CPU
		{2C7C536A-1B56-483C-8879-2D551FF6A700}.Debug|Any CPU.Build.0 = Debug|Any CPU
		{2C7C536A-1B56-483C-8879-2D551FF6A700}.Debug|x64.ActiveCfg = Debug|Any CPU
		{2C7C536A-1B56-483C-8879-2D551FF6A700}.Debug|x64.Build.0 = Debug|Any CPU
		{2C7C536A-1B56-483C-8879-2D551FF6A700}.Debug|x86.ActiveCfg = Debug|Any CPU
		{2C7C536A-1B56-483C-8879-2D551FF6A700}.Debug|x86.Build.0 = Debug|Any CPU
		{2C7C536A-1B56-483C-8879-2D551FF6A700}.Release|Any CPU.ActiveCfg = Release|Any CPU
		{2C7C536A-1B56-483C-8879-2D551FF6A700}.Release|Any CPU.Build.0 = Release|Any CPU
		{2C7C536A-1B56-483C-8879-2D551FF6A700}.Release|x64.ActiveCfg = Release|Any CPU
		{2C7C536A-1B56-483C-8879-2D551FF6A700}.Release|x64.Build.0 = Release|Any CPU
		{2C7C536A-1B56-483C-8879-2D551FF6A700}.Release|x86.ActiveCfg = Release|Any CPU
		{2C7C536A-1B56-483C-8879-2D551FF6A700}.Release|x86.Build.0 = Release|Any CPU
	EndGlobalSection
	GlobalSection(SolutionProperties) = preSolution
		HideSolutionNode = FALSE
	EndGlobalSection
	GlobalSection(ExtensibilityGlobals) = postSolution
		SolutionGuid = {371295D9-C653-4EAA-88D4-6D48F55D10C6}
	EndGlobalSection
EndGlobal
